{"1.2.0",
[{<<"hex_core">>,{pkg,<<"hex_core">>,<<"0.8.2">>},0},
 {<<"verl">>,{pkg,<<"verl">>,<<"1.1.0">>},0}]}.
[
{pkg_hash,[
 {<<"hex_core">>, <<"48D52F273A54F3E1564E9D4E89731EB4C47629A8C0FC03B88C4098B75AEA55CC">>},
 {<<"verl">>, <<"F9BE6ACAE4C31103741552476D8F4EE8090EF2D2B0906A4170233E6A8E99C290">>}]},
{pkg_hash_ext,[
 {<<"hex_core">>, <<"D5E92BD919FC9872FCBCCA1CD13FF094F7BF520EAA29C9D14B674D16A2E1A089">>},
 {<<"verl">>, <<"030F03A9AE2539BB2D641CA067E7334F0F7A7F82D4FDFD0961ED9F0C64EC85BD">>}]}
].
