{"1.2.0",
[{<<"hex_core">>,{pkg,<<"hex_core">>,<<"0.10.2">>},0},
 {<<"verl">>,{pkg,<<"verl">>,<<"1.1.1">>},0}]}.
[
{pkg_hash,[
 {<<"hex_core">>, <<"1A80C487D0EBF57E6371721335F37689773F4DF477E04BC2E962226F32D280A7">>},
 {<<"verl">>, <<"98F3EC48B943AA4AE8E29742DE86A7CD752513687911FE07D2E00ECDF3107E45">>}]},
{pkg_hash_ext,[
 {<<"hex_core">>, <<"E4DE8B979548637AE9E2E4D6363A1CA114488617CF7E11AF3DD98AA333D596D2">>},
 {<<"verl">>, <<"0925E51CD92A0A8BE271765B02430B2E2CFF8AC30EF24D123BD0D58511E8FB18">>}]}
].
